5c1760ebbd6a5b9ff0ef776402cf9be96447bc61ac5da2904669cffa4221d301  EVAL/AB/test_native_ab_fidelity.py
d8dd6340634344616ed12985162f89ceb7d3b838911af8065b2fec2b141570a9  EVAL/AB/tournament.py
721a8a3fc8f902c3c22bc6899ce0a4c28da143164789c4cd14f6a3d2b7bb25d2  EVAL/bridge/PLAN.md
9efabd6c7a906181521cd144f12dbc042232b4b54e9ab6d52d07382b2559ab30  EVAL/bridge/action_codec.py
d4a8d20c4e9207da5d7019992495312b5b89a249c801534cd8514e72acd6cb14  EVAL/bridge/catanatron_bridge.py
e5cac8aa3d249fe508621da9d65fef0071f46239f8165e1ef77f951b7f93c509  EVAL/bridge/leakage_referee.py
4084d46488b868fac0a8e5a532e3893b24556ab8f43acdcacf914d24eea30f18  EVAL/bridge/obs_encoder.py
869ca2cde9c8e8bf31a7bb4f35d3da4a02af7223e9295bb6f10a7cea2ee0d9b6  EVAL/bridge/rng_force.py
0a328f390bba57f8eb78bc7121bf8ef57af9953b0a99d31bc46c27cad5867de5  EVAL/bridge/run_eval.py
c5ba86c905609e91e73552f23cf18b908f774739ebe829908c612476d8724f9b  EVAL/bridge/state_inject.py
295c3cddd71b4e44e08f58fcacd44d808fcd7e30e4400fc0b962c01a915b2248  EVAL/bridge/state_mirror.py
e3b0c44298fc1c149afbf4c8996fb92427ae41e4649b934ca495991b7852b855  EVAL/bridge/tests/__init__.py
5a3d0022fcf1f646bebaaef17d4136b0773966c1ca30702e126b366ebac31b93  EVAL/bridge/tests/test_action_codec.py
2ff409e67727d8ef132f64cadb59532a9870c2cf75ed9eb68a12339d16832a06  EVAL/bridge/tests/test_differential.py
0348cfda2147bc1b530b90933724f13837ec6a95fada747e268d378b27a28de5  EVAL/bridge/tests/test_end_to_end.py
2591e3fea7b9baae1795d24bcd2777e29ef4e10368e9718969dd6ff4bcc19631  EVAL/bridge/tests/test_mask_consistency.py
aa08ac9ef3c52fc41a156896081e5c5019a88ddab45c0d5350d020d5159f6711  EVAL/bridge/tests/test_obs_encoder.py
e953df3e1a3a9b5cdf7ff5abb70dff64378014735b5722a898368d87112b4dd2  EVAL/bridge/tests/test_obs_identity.py
8bd644c5c6407542aa72b660adda9b58012369b37849147a40d23ec7300e93cd  EVAL/bridge/tests/test_parity_replay.py
e436bc4c082ec86a5db5681b8c166a053f0cf228a5b679b93ad5051f0a5e98b8  EVAL/bridge/tests/test_topology.py
d3130be99c58e8f13b2b29fe4d6e40df9cd2cc820dca36f858f2d3eb3288d4a1  EVAL/bridge/tests/test_trade_fsm.py
7bb9a9b177d5f233fe980f32c429c0cf0ad904f88e393a59cfa0191054cd42ac  EVAL/bridge/tests/test_trades.py
69c5cc90fb981d4998d211b061a97c4182357e93182746dc6dfe671eeabdf93a  EVAL/bridge/topology_map.py
21840b89d75e73d0bf5b1cc53e46d542f7fe91b6986cc5768a07e57bafdcaf79  EVAL/bridge/trade_differential.py
5ddd2f18f485f511eaa7d750f4d5e6b84e1f1cc401976c355a96885b044f8427  IMMUTABLE.md
e3b0c44298fc1c149afbf4c8996fb92427ae41e4649b934ca495991b7852b855  bin/__init__.py
5a7c52a9e29edb3e1bec99631dcc99797dfb3075cef37c0e637c6e67631b238e  bin/tournament.py
41659bafaf04fc55e347672188d7578c79e56b63a0d09e3744641d7d86b71078  bin/train_smoke.py
5caf457b89ff54604265162025df29e3bb70df0fed58133638658da3301c789c  bin/train_smoke.sh
98318cd901309f4977bbe421890e24b1bc95a51ad83b0c20a0b15cbb0c472c56  bindings/pycatan/bindings.cpp
10ba2adcc4192ef1c642db937be60e8ca43f4b86055d1988515ed846ae5e223a  include/batched_env.hpp
6704ed73087d823ac01c9f6a5bccc801a0d07b186c36af785320c7d21d5485c8  include/mask.hpp
21d2c191ef329470782e513ccbca9fd4003d5900341622ef9704784e9cb6ed36  include/obs.hpp
0f51e0240dfb688f6e2ed008cabd0db63059e5c95589568aa3ee0be444853ce2  include/rng.hpp
3d1c838d8d0a8d5e4d387a7e875db370df84b2a06fefcb66ec7591f973592279  include/rules.hpp
1a83de23a6d6cf8ba050bbce02ffe503828628e83ece39a5562366a1bc23253e  include/search.hpp
534537dbd81facd75879f01409b5174fad9c2b65f0eecb412e1aafee356faf35  include/state.hpp
a6676d2ada0298ce61f11dfc07b150445307891fcc1d2a5aca18f96bbb547e92  include/topology.hpp
4e5951bcee896420ec00f433c02cfdfdbfe24f2162cdea9647c886af0b7e951d  models/eval.py
da72564bbf37a2759dcdf3b1012a2409de7f7bc950cc3ad4f4dc8bdac160f35e  models/selfplay/eval_seats.py
2f42035986e6d9914e1c4f5344cf112843b87a1c6229ceb541a6ea01c53ea5ae  models/selfplay/gate.py
72618486740a5429512cb4d44481f99a437a61841a07e5adb7a33fa5e47d2798  results/SCHEMA.md
b761032319985fec80b68c1c21aafd37b92f0af4c04e09b7e22484c95ad6745b  results/schema.py
81450d111c3544cbada6695f5cd9c35ab1801beb2a1d0fd83efa66169819d1eb  scripts/check_env.py
2e20f6220324a6ee0bf66f73e5abf90f37ac3f84907b1b287d551fcb7573a20a  scripts/check_frozen.sh
65c1f63653f67cb080605aea4cc8a455cb4453b5b8075b7f2a58bed76230d291  scripts/gen_immutable_lock.sh
2e3b48c326fa2cd46489467c38ec723ff2209d20f5b0fc746e02eb5708570e79  scripts/tournament.sh
9c0d1d2e7644c02736d8c4d856f1ebbc08467f781012258e98655ed4d3ddf92e  src/catan/batched_env.cpp
f9476e2a7830220d0174df850786ea9b85e994a00e15754b2b5bdcf8c241dfd9  src/catan/obs.cpp
50fc7a617212693cbf38eac5016a32d45feb5e9a78b49c88d77767265f4485e4  src/catan/rules.cpp
c42678642bef54e2d458428bd93cb2aba9c986d290e0825506b35316bd8510c4  src/catan/search.cpp
5fa92ad6fbd172f3fecf1022e03f3b30e286178b0c04ec68bd9d7a4383f3e932  tests/fuzz_invariants.cpp
25231db700040edc6059dee431fa907fc13d3c403d9885eb1183e3084212aeef  tests/test_determinism.py
f5bc0274f1b99cabb8fe8c908a355b9837e05e930d3da02b5853d1c04634005b  tests/test_invariants.py
0a155b2b39b48b41cdf4d2c74d848cf5f13b6f96a69254be04615f36dd323826  tests/test_state_mirror_layout.py
1dee7d3061954d842a1a546ec38647ea6567f93b31b0808cc76f8966792dfae5  tests/test_wiring.py
